
Microsoft Visual Studio Solution File, Format Version 11.00
# Visual Studio 2010
Project("{FAE04EC0-301F-11D3-BF4B-00C04F79EFBC}") = "Blocky-Bird-VR", "Assembly-CSharp.csproj", "{8D0350F8-13C5-7A36-A057-2F7BFBB8B521}"
EndProject
Project("{FAE04EC0-301F-11D3-BF4B-00C04F79EFBC}") = "Blocky-Bird-VR", "Assembly-CSharp-Editor.csproj", "{AE54BBB1-70B6-BB03-60E9-B5E7D9AE23C7}"
EndProject
Global
	GlobalSection(SolutionConfigurationPlatforms) = preSolution
		Debug|Any CPU = Debug|Any CPU
		Release|Any CPU = Release|Any CPU
	EndGlobalSection
	GlobalSection(ProjectConfigurationPlatforms) = postSolution
		{8D0350F8-13C5-7A36-A057-2F7BFBB8B521}.Debug|Any CPU.ActiveCfg = Debug|Any CPU
		{8D0350F8-13C5-7A36-A057-2F7BFBB8B521}.Debug|Any CPU.Build.0 = Debug|Any CPU
		{8D0350F8-13C5-7A36-A057-2F7BFBB8B521}.Release|Any CPU.ActiveCfg = Release|Any CPU
		{8D0350F8-13C5-7A36-A057-2F7BFBB8B521}.Release|Any CPU.Build.0 = Release|Any CPU
		{AE54BBB1-70B6-BB03-60E9-B5E7D9AE23C7}.Debug|Any CPU.ActiveCfg = Debug|Any CPU
		{AE54BBB1-70B6-BB03-60E9-B5E7D9AE23C7}.Debug|Any CPU.Build.0 = Debug|Any CPU
		{AE54BBB1-70B6-BB03-60E9-B5E7D9AE23C7}.Release|Any CPU.ActiveCfg = Release|Any CPU
		{AE54BBB1-70B6-BB03-60E9-B5E7D9AE23C7}.Release|Any CPU.Build.0 = Release|Any CPU
	EndGlobalSection
	GlobalSection(SolutionProperties) = preSolution
		HideSolutionNode = FALSE
	EndGlobalSection
	GlobalSection(MonoDevelopProperties) = preSolution
		StartupItem = Assembly-CSharp.csproj
	EndGlobalSection
EndGlobal
